
Microsoft Visual Studio Solution File, Format Version 12.00
# Visual Studio Version 16
VisualStudioVersion = 16.0.31729.503
MinimumVisualStudioVersion = 10.0.40219.1
Project("{8BC9CEB8-8B4A-11D0-8D11-00A0C91BC942}") = "carvelib", "carvelib\carvelib.vcxproj", "{21F77D6E-3E33-4EB0-8BC6-C0C86C7EE45B}"
EndProject
Project("{8BC9CEB8-8B4A-11D0-8D11-00A0C91BC942}") = "fileformats", "fileformats\fileformats.vcxproj", "{B74F9D7B-8A9D-45A0-8D09-973D01314D80}"
EndProject
Project("{8BC9CEB8-8B4A-11D0-8D11-00A0C91BC942}") = "texture_example", "texture_example\texture_example.vcxproj", "{9633062D-3A3A-4997-8754-8A21CD5A354C}"
EndProject
Project("{8BC9CEB8-8B4A-11D0-8D11-00A0C91BC942}") = "glew", "glew\glew.vcxproj", "{00B985EA-A5CD-4F24-8B62-5DC87CD4D080}"
EndProject
Project("{8BC9CEB8-8B4A-11D0-8D11-00A0C91BC942}") = "gloop", "gloop\gloop.vcxproj", "{A50234C1-A40D-4782-81CB-9D4549DC9474}"
EndProject
Project("{8BC9CEB8-8B4A-11D0-8D11-00A0C91BC942}") = "glui32", "glui\glui.vcxproj", "{63A9D017-1F43-4F1E-8C04-56F8EAABBFC4}"
EndProject
Project("{8BC9CEB8-8B4A-11D0-8D11-00A0C91BC942}") = "intersect", "intersect\intersect.vcxproj", "{FD8895D6-8EE2-4E37-8E76-A642FA1422C1}"
	ProjectSection(ProjectDependencies) = postProject
		{21F77D6E-3E33-4EB0-8BC6-C0C86C7EE45B} = {21F77D6E-3E33-4EB0-8BC6-C0C86C7EE45B}
		{B74F9D7B-8A9D-45A0-8D09-973D01314D80} = {B74F9D7B-8A9D-45A0-8D09-973D01314D80}
		{A50234C1-A40D-4782-81CB-9D4549DC9474} = {A50234C1-A40D-4782-81CB-9D4549DC9474}
	EndProjectSection
EndProject
Project("{8BC9CEB8-8B4A-11D0-8D11-00A0C91BC942}") = "view", "view\view.vcxproj", "{2DCBE71A-A29A-4FE7-A23C-AFA762DF13E1}"
EndProject
Global
	GlobalSection(SolutionConfigurationPlatforms) = preSolution
		Debug|x64 = Debug|x64
		Release|x64 = Release|x64
	EndGlobalSection
	GlobalSection(ProjectConfigurationPlatforms) = postSolution
		{21F77D6E-3E33-4EB0-8BC6-C0C86C7EE45B}.Debug|x64.ActiveCfg = Debug|x64
		{21F77D6E-3E33-4EB0-8BC6-C0C86C7EE45B}.Debug|x64.Build.0 = Debug|x64
		{21F77D6E-3E33-4EB0-8BC6-C0C86C7EE45B}.Release|x64.ActiveCfg = Release|x64
		{21F77D6E-3E33-4EB0-8BC6-C0C86C7EE45B}.Release|x64.Build.0 = Release|x64
		{B74F9D7B-8A9D-45A0-8D09-973D01314D80}.Debug|x64.ActiveCfg = Debug|x64
		{B74F9D7B-8A9D-45A0-8D09-973D01314D80}.Debug|x64.Build.0 = Debug|x64
		{B74F9D7B-8A9D-45A0-8D09-973D01314D80}.Release|x64.ActiveCfg = Release|x64
		{B74F9D7B-8A9D-45A0-8D09-973D01314D80}.Release|x64.Build.0 = Release|x64
		{9633062D-3A3A-4997-8754-8A21CD5A354C}.Debug|x64.ActiveCfg = Debug|x64
		{9633062D-3A3A-4997-8754-8A21CD5A354C}.Debug|x64.Build.0 = Debug|x64
		{9633062D-3A3A-4997-8754-8A21CD5A354C}.Release|x64.ActiveCfg = Release|x64
		{9633062D-3A3A-4997-8754-8A21CD5A354C}.Release|x64.Build.0 = Release|x64
		{00B985EA-A5CD-4F24-8B62-5DC87CD4D080}.Debug|x64.ActiveCfg = Debug|x64
		{00B985EA-A5CD-4F24-8B62-5DC87CD4D080}.Debug|x64.Build.0 = Debug|x64
		{00B985EA-A5CD-4F24-8B62-5DC87CD4D080}.Release|x64.ActiveCfg = Release|x64
		{00B985EA-A5CD-4F24-8B62-5DC87CD4D080}.Release|x64.Build.0 = Release|x64
		{A50234C1-A40D-4782-81CB-9D4549DC9474}.Debug|x64.ActiveCfg = Debug|x64
		{A50234C1-A40D-4782-81CB-9D4549DC9474}.Debug|x64.Build.0 = Debug|x64
		{A50234C1-A40D-4782-81CB-9D4549DC9474}.Release|x64.ActiveCfg = Release|x64
		{A50234C1-A40D-4782-81CB-9D4549DC9474}.Release|x64.Build.0 = Release|x64
		{63A9D017-1F43-4F1E-8C04-56F8EAABBFC4}.Debug|x64.ActiveCfg = Debug|x64
		{63A9D017-1F43-4F1E-8C04-56F8EAABBFC4}.Debug|x64.Build.0 = Debug|x64
		{63A9D017-1F43-4F1E-8C04-56F8EAABBFC4}.Release|x64.ActiveCfg = Release|x64
		{63A9D017-1F43-4F1E-8C04-56F8EAABBFC4}.Release|x64.Build.0 = Release|x64
		{FD8895D6-8EE2-4E37-8E76-A642FA1422C1}.Debug|x64.ActiveCfg = Debug|x64
		{FD8895D6-8EE2-4E37-8E76-A642FA1422C1}.Debug|x64.Build.0 = Debug|x64
		{FD8895D6-8EE2-4E37-8E76-A642FA1422C1}.Release|x64.ActiveCfg = Release|x64
		{FD8895D6-8EE2-4E37-8E76-A642FA1422C1}.Release|x64.Build.0 = Release|x64
		{2DCBE71A-A29A-4FE7-A23C-AFA762DF13E1}.Debug|x64.ActiveCfg = Debug|x64
		{2DCBE71A-A29A-4FE7-A23C-AFA762DF13E1}.Debug|x64.Build.0 = Debug|x64
		{2DCBE71A-A29A-4FE7-A23C-AFA762DF13E1}.Release|x64.ActiveCfg = Release|x64
		{2DCBE71A-A29A-4FE7-A23C-AFA762DF13E1}.Release|x64.Build.0 = Release|x64
	EndGlobalSection
	GlobalSection(SolutionProperties) = preSolution
		HideSolutionNode = FALSE
	EndGlobalSection
	GlobalSection(ExtensibilityGlobals) = postSolution
		SolutionGuid = {74050F9A-8D08-4A20-978A-DEECBCD4AB9A}
	EndGlobalSection
EndGlobal
